// !$*UTF8*$!
{
	archiveVersion = 1;
	classes = {
	};
	objectVersion = 55;
	objects = {

/* Begin PBXBuildFile section */
		37B2ED2F27CAB20900916FD7 /* AppDelegate.swift in Sources */ = {isa = PBXBuildFile; fileRef = 37B2ED2E27CAB20900916FD7 /* AppDelegate.swift */; };
		37B2ED3127CAB20900916FD7 /* SceneDelegate.swift in Sources */ = {isa = PBXBuildFile; fileRef = 37B2ED3027CAB20900916FD7 /* SceneDelegate.swift */; };
		37B2ED3327CAB20900916FD7 /* ViewController.swift in Sources */ = {isa = PBXBuildFile; fileRef = 37B2ED3227CAB20900916FD7 /* ViewController.swift */; };
		37B2ED3627CAB20900916FD7 /* Main.storyboard in Resources */ = {isa = PBXBuildFile; fileRef = 37B2ED3427CAB20900916FD7 /* Main.storyboard */; };
		37B2ED3827CAB20B00916FD7 /* Assets.xcassets in Resources */ = {isa = PBXBuildFile; fileRef = 37B2ED3727CAB20B00916FD7 /* Assets.xcassets */; };
		37B2ED3B27CAB20B00916FD7 /* LaunchScreen.storyboard in Resources */ = {isa = PBXBuildFile; fileRef = 37B2ED3927CAB20B00916FD7 /* LaunchScreen.storyboard */; };
		37B2ED4627CAB20B00916FD7 /* FlashcardsTests.swift in Sources */ = {isa = PBXBuildFile; fileRef = 37B2ED4527CAB20B00916FD7 /* FlashcardsTests.swift */; };
		37B2ED5027CAB20B00916FD7 /* FlashcardsUITests.swift in Sources */ = {isa = PBXBuildFile; fileRef = 37B2ED4F27CAB20B00916FD7 /* FlashcardsUITests.swift */; };
		37B2ED5227CAB20B00916FD7 /* FlashcardsUITestsLaunchTests.swift in Sources */ = {isa = PBXBuildFile; fileRef = 37B2ED5127CAB20B00916FD7 /* FlashcardsUITestsLaunchTests.swift */; };
		37DB7AFA27DD29D70085F00B /* CreationViewController.swift in Sources */ = {isa = PBXBuildFile; fileRef = 37DB7AF927DD29D70085F00B /* CreationViewController.swift */; };
/* End PBXBuildFile section */

/* Begin PBXContainerItemProxy section */
		37B2ED4227CAB20B00916FD7 /* PBXContainerItemProxy */ = {
			isa = PBXContainerItemProxy;
			containerPortal = 37B2ED2327CAB20900916FD7 /* Project object */;
			proxyType = 1;
			remoteGlobalIDString = 37B2ED2A27CAB20900916FD7;
			remoteInfo = Flashcards;
		};
		37B2ED4C27CAB20B00916FD7 /* PBXContainerItemProxy */ = {
			isa = PBXContainerItemProxy;
			containerPortal = 37B2ED2327CAB20900916FD7 /* Project object */;
			proxyType = 1;
			remoteGlobalIDString = 37B2ED2A27CAB20900916FD7;
			remoteInfo = Flashcards;
		};
/* End PBXContainerItemProxy section */

/* Begin PBXFileReference section */
		37B2ED2B27CAB20900916FD7 /* Flashcards.app */ = {isa = PBXFileReference; explicitFileType = wrapper.application; includeInIndex = 0; path = Flashcards.app; sourceTree = BUILT_PRODUCTS_DIR; };
		37B2ED2E27CAB20900916FD7 /* AppDelegate.swift */ = {isa = PBXFileReference; lastKnownFileType = sourcecode.swift; path = AppDelegate.swift; sourceTree = "<group>"; };
		37B2ED3027CAB20900916FD7 /* SceneDelegate.swift */ = {isa = PBXFileReference; lastKnownFileType = sourcecode.swift; path = SceneDelegate.swift; sourceTree = "<group>"; };
		37B2ED3227CAB20900916FD7 /* ViewController.swift */ = {isa = PBXFileReference; lastKnownFileType = sourcecode.swift; path = ViewController.swift; sourceTree = "<group>"; };
		37B2ED3527CAB20900916FD7 /* Base */ = {isa = PBXFileReference; lastKnownFileType = file.storyboard; name = Base; path = Base.lproj/Main.storyboard; sourceTree = "<group>"; };
		37B2ED3727CAB20B00916FD7 /* Assets.xcassets */ = {isa = PBXFileReference; lastKnownFileType = folder.assetcatalog; path = Assets.xcassets; sourceTree = "<group>"; };
		37B2ED3A27CAB20B00916FD7 /* Base */ = {isa = PBXFileReference; lastKnownFileType = file.storyboard; name = Base; path = Base.lproj/LaunchScreen.storyboard; sourceTree = "<group>"; };
		37B2ED3C27CAB20B00916FD7 /* Info.plist */ = {isa = PBXFileReference; lastKnownFileType = text.plist.xml; path = Info.plist; sourceTree = "<group>"; };
		37B2ED4127CAB20B00916FD7 /* FlashcardsTests.xctest */ = {isa = PBXFileReference; explicitFileType = wrapper.cfbundle; includeInIndex = 0; path = FlashcardsTests.xctest; sourceTree = BUILT_PRODUCTS_DIR; };
		37B2ED4527CAB20B00916FD7 /* FlashcardsTests.swift */ = {isa = PBXFileReference; lastKnownFileType = sourcecode.swift; path = FlashcardsTests.swift; sourceTree = "<group>"; };
		37B2ED4B27CAB20B00916FD7 /* FlashcardsUITests.xctest */ = {isa = PBXFileReference; explicitFileType = wrapper.cfbundle; includeInIndex = 0; path = FlashcardsUITests.xctest; sourceTree = BUILT_PRODUCTS_DIR; };
		37B2ED4F27CAB20B00916FD7 /* FlashcardsUITests.swift */ = {isa = PBXFileReference; lastKnownFileType = sourcecode.swift; path = FlashcardsUITests.swift; sourceTree = "<group>"; };
		37B2ED5127CAB20B00916FD7 /* FlashcardsUITestsLaunchTests.swift */ = {isa = PBXFileReference; lastKnownFileType = sourcecode.swift; path = FlashcardsUITestsLaunchTests.swift; sourceTree = "<group>"; };
		37DB7AF927DD29D70085F00B /* CreationViewController.swift */ = {isa = PBXFileReference; lastKnownFileType = sourcecode.swift; path = CreationViewController.swift; sourceTree = "<group>"; };
/* End PBXFileReference section */

/* Begin PBXFrameworksBuildPhase section */
		37B2ED2827CAB20900916FD7 /* Frameworks */ = {
			isa = PBXFrameworksBuildPhase;
			buildActionMask = 2147483647;
			files = (
			);
			runOnlyForDeploymentPostprocessing = 0;
		};
		37B2ED3E27CAB20B00916FD7 /* Frameworks */ = {
			isa = PBXFrameworksBuildPhase;
			buildActionMask = 2147483647;
			files = (
			);
			runOnlyForDeploymentPostprocessing = 0;
		};
		37B2ED4827CAB20B00916FD7 /* Frameworks */ = {
			isa = PBXFrameworksBuildPhase;
			buildActionMask = 2147483647;
			files = (
			);
			runOnlyForDeploymentPostprocessing = 0;
		};
/* End PBXFrameworksBuildPhase section */

/* Begin PBXGroup section */
		37B2ED2227CAB20900916FD7 = {
			isa = PBXGroup;
			children = (
				37B2ED2D27CAB20900916FD7 /* Flashcards */,
				37B2ED4427CAB20B00916FD7 /* FlashcardsTests */,
				37B2ED4E27CAB20B00916FD7 /* FlashcardsUITests */,
				37B2ED2C27CAB20900916FD7 /* Products */,
			);
			sourceTree = "<group>";
		};
		37B2ED2C27CAB20900916FD7 /* Products */ = {
			isa = PBXGroup;
			children = (
				37B2ED2B27CAB20900916FD7 /* Flashcards.app */,
				37B2ED4127CAB20B00916FD7 /* FlashcardsTests.xctest */,
				37B2ED4B27CAB20B00916FD7 /* FlashcardsUITests.xctest */,
			);
			name = Products;
			sourceTree = "<group>";
		};
		37B2ED2D27CAB20900916FD7 /* Flashcards */ = {
			isa = PBXGroup;
			children = (
				37B2ED2E27CAB20900916FD7 /* AppDelegate.swift */,
				37B2ED3027CAB20900916FD7 /* SceneDelegate.swift */,
				37B2ED3227CAB20900916FD7 /* ViewController.swift */,
				37B2ED3427CAB20900916FD7 /* Main.storyboard */,
				37DB7AF927DD29D70085F00B /* CreationViewController.swift */,
				37B2ED3727CAB20B00916FD7 /* Assets.xcassets */,
				37B2ED3927CAB20B00916FD7 /* LaunchScreen.storyboard */,
				37B2ED3C27CAB20B00916FD7 /* Info.plist */,
			);
			path = Flashcards;
			sourceTree = "<group>";
		};
		37B2ED4427CAB20B00916FD7 /* FlashcardsTests */ = {
			isa = PBXGroup;
			children = (
				37B2ED4527CAB20B00916FD7 /* FlashcardsTests.swift */,
			);
			path = FlashcardsTests;
			sourceTree = "<group>";
		};
		37B2ED4E27CAB20B00916FD7 /* FlashcardsUITests */ = {
			isa = PBXGroup;
			children = (
				37B2ED4F27CAB20B00916FD7 /* FlashcardsUITests.swift */,
				37B2ED5127CAB20B00916FD7 /* FlashcardsUITestsLaunchTests.swift */,
			);
			path = FlashcardsUITests;
			sourceTree = "<group>";
		};
/* End PBXGroup section */

/* Begin PBXNativeTarget section */
		37B2ED2A27CAB20900916FD7 /* Flashcards */ = {
			isa = PBXNativeTarget;
			buildConfigurationList = 37B2ED5527CAB20B00916FD7 /* Build configuration list for PBXNativeTarget "Flashcards" */;
			buildPhases = (
				37B2ED2727CAB20900916FD7 /* Sources */,
				37B2ED2827CAB20900916FD7 /* Frameworks */,
				37B2ED2927CAB20900916FD7 /* Resources */,
			);
			buildRules = (
			);
			dependencies = (
			);
			name = Flashcards;
			productName = Flashcards;
			productReference = 37B2ED2B27CAB20900916FD7 /* Flashcards.app */;
			productType = "com.apple.product-type.application";
		};
		37B2ED4027CAB20B00916FD7 /* FlashcardsTests */ = {
			isa = PBXNativeTarget;
			buildConfigurationList = 37B2ED5827CAB20B00916FD7 /* Build configuration list for PBXNativeTarget "FlashcardsTests" */;
			buildPhases = (
				37B2ED3D27CAB20B00916FD7 /* Sources */,
				37B2ED3E27CAB20B00916FD7 /* Frameworks */,
				37B2ED3F27CAB20B00916FD7 /* Resources */,
			);
			buildRules = (
			);
			dependencies = (
				37B2ED4327CAB20B00916FD7 /* PBXTargetDependency */,
			);
			name = FlashcardsTests;
			productName = FlashcardsTests;
			productReference = 37B2ED4127CAB20B00916FD7 /* FlashcardsTests.xctest */;
			productType = "com.apple.product-type.bundle.unit-test";
		};
		37B2ED4A27CAB20B00916FD7 /* FlashcardsUITests */ = {
			isa = PBXNativeTarget;
			buildConfigurationList = 37B2ED5B27CAB20B00916FD7 /* Build configuration list for PBXNativeTarget "FlashcardsUITests" */;
			buildPhases = (
				37B2ED4727CAB20B00916FD7 /* Sources */,
				37B2ED4827CAB20B00916FD7 /* Frameworks */,
				37B2ED4927CAB20B00916FD7 /* Resources */,
			);
			buildRules = (
			);
			dependencies = (
				37B2ED4D27CAB20B00916FD7 /* PBXTargetDependency */,
			);
			name = FlashcardsUITests;
			productName = FlashcardsUITests;
			productReference = 37B2ED4B27CAB20B00916FD7 /* FlashcardsUITests.xctest */;
			productType = "com.apple.product-type.bundle.ui-testing";
		};
/* End PBXNativeTarget section */

/* Begin PBXProject section */
		37B2ED2327CAB20900916FD7 /* Project object */ = {
			isa = PBXProject;
			attributes = {
				BuildIndependentTargetsInParallel = 1;
				LastSwiftUpdateCheck = 1310;
				LastUpgradeCheck = 1310;
				TargetAttributes = {
					37B2ED2A27CAB20900916FD7 = {
						CreatedOnToolsVersion = 13.1;
					};
					37B2ED4027CAB20B00916FD7 = {
						CreatedOnToolsVersion = 13.1;
						TestTargetID = 37B2ED2A27CAB20900916FD7;
					};
					37B2ED4A27CAB20B00916FD7 = {
						CreatedOnToolsVersion = 13.1;
						TestTargetID = 37B2ED2A27CAB20900916FD7;
					};
				};
			};
			buildConfigurationList = 37B2ED2627CAB20900916FD7 /* Build configuration list for PBXProject "Flashcards" */;
			compatibilityVersion = "Xcode 13.0";
			developmentRegion = en;
			hasScannedForEncodings = 0;
			knownRegions = (
				en,
				Base,
			);
			mainGroup = 37B2ED2227CAB20900916FD7;
			productRefGroup = 37B2ED2C27CAB20900916FD7 /* Products */;
			projectDirPath = "";
			projectRoot = "";
			targets = (
				37B2ED2A27CAB20900916FD7 /* Flashcards */,
				37B2ED4027CAB20B00916FD7 /* FlashcardsTests */,
				37B2ED4A27CAB20B00916FD7 /* FlashcardsUITests */,
			);
		};
/* End PBXProject section */

/* Begin PBXResourcesBuildPhase section */
		37B2ED2927CAB20900916FD7 /* Resources */ = {
			isa = PBXResourcesBuildPhase;
			buildActionMask = 2147483647;
			files = (
				37B2ED3B27CAB20B00916FD7 /* LaunchScreen.storyboard in Resources */,
				37B2ED3827CAB20B00916FD7 /* Assets.xcassets in Resources */,
				37B2ED3627CAB20900916FD7 /* Main.storyboard in Resources */,
			);
			runOnlyForDeploymentPostprocessing = 0;
		};
		37B2ED3F27CAB20B00916FD7 /* Resources */ = {
			isa = PBXResourcesBuildPhase;
			buildActionMask = 2147483647;
			files = (
			);
			runOnlyForDeploymentPostprocessing = 0;
		};
		37B2ED4927CAB20B00916FD7 /* Resources */ = {
			isa = PBXResourcesBuildPhase;
			buildActionMask = 2147483647;
			files = (
			);
			runOnlyForDeploymentPostprocessing = 0;
		};
/* End PBXResourcesBuildPhase section */

/* Begin PBXSourcesBuildPhase section */
		37B2ED2727CAB20900916FD7 /* Sources */ = {
			isa = PBXSourcesBuildPhase;
			buildActionMask = 2147483647;
			files = (
				37B2ED3327CAB20900916FD7 /* ViewController.swift in Sources */,
				37B2ED2F27CAB20900916FD7 /* AppDelegate.swift in Sources */,
				37B2ED3127CAB20900916FD7 /* SceneDelegate.swift in Sources */,
				37DB7AFA27DD29D70085F00B /* CreationViewController.swift in Sources */,
			);
			runOnlyForDeploymentPostprocessing = 0;
		};
		37B2ED3D27CAB20B00916FD7 /* Sources */ = {
			isa = PBXSourcesBuildPhase;
			buildActionMask = 2147483647;
			files = (
				37B2ED4627CAB20B00916FD7 /* FlashcardsTests.swift in Sources */,
			);
			runOnlyForDeploymentPostprocessing = 0;
		};
		37B2ED4727CAB20B00916FD7 /* Sources */ = {
			isa = PBXSourcesBuildPhase;
			buildActionMask = 2147483647;
			files = (
				37B2ED5027CAB20B00916FD7 /* FlashcardsUITests.swift in Sources */,
				37B2ED5227CAB20B00916FD7 /* FlashcardsUITestsLaunchTests.swift in Sources */,
			);
			runOnlyForDeploymentPostprocessing = 0;
		};
/* End PBXSourcesBuildPhase section */

/* Begin PBXTargetDependency section */
		37B2ED4327CAB20B00916FD7 /* PBXTargetDependency */ = {
			isa = PBXTargetDependency;
			target = 37B2ED2A27CAB20900916FD7 /* Flashcards */;
			targetProxy = 37B2ED4227CAB20B00916FD7 /* PBXContainerItemProxy */;
		};
		37B2ED4D27CAB20B00916FD7 /* PBXTargetDependency */ = {
			isa = PBXTargetDependency;
			target = 37B2ED2A27CAB20900916FD7 /* Flashcards */;
			targetProxy = 37B2ED4C27CAB20B00916FD7 /* PBXContainerItemProxy */;
		};
/* End PBXTargetDependency section */

/* Begin PBXVariantGroup section */
		37B2ED3427CAB20900916FD7 /* Main.storyboard */ = {
			isa = PBXVariantGroup;
			children = (
				37B2ED3527CAB20900916FD7 /* Base */,
			);
			name = Main.storyboard;
			sourceTree = "<group>";
		};
		37B2ED3927CAB20B00916FD7 /* LaunchScreen.storyboard */ = {
			isa = PBXVariantGroup;
			children = (
				37B2ED3A27CAB20B00916FD7 /* Base */,
			);
			name = LaunchScreen.storyboard;
			sourceTree = "<group>";
		};
/* End PBXVariantGroup section */

/* Begin XCBuildConfiguration section */
		37B2ED5327CAB20B00916FD7 /* Debug */ = {
			isa = XCBuildConfiguration;
			buildSettings = {
				ALWAYS_SEARCH_USER_PATHS = NO;
				CLANG_ANALYZER_NONNULL = YES;
				CLANG_ANALYZER_NUMBER_OBJECT_CONVERSION = YES_AGGRESSIVE;
				CLANG_CXX_LANGUAGE_STANDARD = "gnu++17";
				CLANG_CXX_LIBRARY = "libc++";
				CLANG_ENABLE_MODULES = YES;
				CLANG_ENABLE_OBJC_ARC = YES;
				CLANG_ENABLE_OBJC_WEAK = YES;
				CLANG_WARN_BLOCK_CAPTURE_AUTORELEASING = YES;
				CLANG_WARN_BOOL_CONVERSION = YES;
				CLANG_WARN_COMMA = YES;
				CLANG_WARN_CONSTANT_CONVERSION = YES;
				CLANG_WARN_DEPRECATED_OBJC_IMPLEMENTATIONS = YES;
				CLANG_WARN_DIRECT_OBJC_ISA_USAGE = YES_ERROR;
				CLANG_WARN_DOCUMENTATION_COMMENTS = YES;
				CLANG_WARN_EMPTY_BODY = YES;
				CLANG_WARN_ENUM_CONVERSION = YES;
				CLANG_WARN_INFINITE_RECURSION = YES;
				CLANG_WARN_INT_CONVERSION = YES;
				CLANG_WARN_NON_LITERAL_NULL_CONVERSION = YES;
				CLANG_WARN_OBJC_IMPLICIT_RETAIN_SELF = YES;
				CLANG_WARN_OBJC_LITERAL_CONVERSION = YES;
				CLANG_WARN_OBJC_ROOT_CLASS = YES_ERROR;
				CLANG_WARN_QUOTED_INCLUDE_IN_FRAMEWORK_HEADER = YES;
				CLANG_WARN_RANGE_LOOP_ANALYSIS = YES;
				CLANG_WARN_STRICT_PROTOTYPES = YES;
				CLANG_WARN_SUSPICIOUS_MOVE = YES;
				CLANG_WARN_UNGUARDED_AVAILABILITY = YES_AGGRESSIVE;
				CLANG_WARN_UNREACHABLE_CODE = YES;
				CLANG_WARN__DUPLICATE_METHOD_MATCH = YES;
				COPY_PHASE_STRIP = NO;
				DEBUG_INFORMATION_FORMAT = dwarf;
				ENABLE_STRICT_OBJC_MSGSEND = YES;
				ENABLE_TESTABILITY = YES;
				GCC_C_LANGUAGE_STANDARD = gnu11;
				GCC_DYNAMIC_NO_PIC = NO;
				GCC_NO_COMMON_BLOCKS = YES;
				GCC_OPTIMIZATION_LEVEL = 0;
				GCC_PREPROCESSOR_DEFINITIONS = (
					"DEBUG=1",
					"$(inherited)",
				);
				GCC_WARN_64_TO_32_BIT_CONVERSION = YES;
				GCC_WARN_ABOUT_RETURN_TYPE = YES_ERROR;
				GCC_WARN_UNDECLARED_SELECTOR = YES;
				GCC_WARN_UNINITIALIZED_AUTOS = YES_AGGRESSIVE;
				GCC_WARN_UNUSED_FUNCTION = YES;
				GCC_WARN_UNUSED_VARIABLE = YES;
				IPHONEOS_DEPLOYMENT_TARGET = 15.0;
				MTL_ENABLE_DEBUG_INFO = INCLUDE_SOURCE;
				MTL_FAST_MATH = YES;
				ONLY_ACTIVE_ARCH = YES;
				SDKROOT = iphoneos;
				SWIFT_ACTIVE_COMPILATION_CONDITIONS = DEBUG;
				SWIFT_OPTIMIZATION_LEVEL = "-Onone";
			};
			name = Debug;
		};
		37B2ED5427CAB20B00916FD7 /* Release */ = {
			isa = XCBuildConfiguration;
			buildSettings = {
				ALWAYS_SEARCH_USER_PATHS = NO;
				CLANG_ANALYZER_NONNULL = YES;
				CLANG_ANALYZER_NUMBER_OBJECT_CONVERSION = YES_AGGRESSIVE;
				CLANG_CXX_LANGUAGE_STANDARD = "gnu++17";
				CLANG_CXX_LIBRARY = "libc++";
				CLANG_ENABLE_MODULES = YES;
				CLANG_ENABLE_OBJC_ARC = YES;
				CLANG_ENABLE_OBJC_WEAK = YES;
				CLANG_WARN_BLOCK_CAPTURE_AUTORELEASING = YES;
				CLANG_WARN_BOOL_CONVERSION = YES;
				CLANG_WARN_COMMA = YES;
				CLANG_WARN_CONSTANT_CONVERSION = YES;
				CLANG_WARN_DEPRECATED_OBJC_IMPLEMENTATIONS = YES;
				CLANG_WARN_DIRECT_OBJC_ISA_USAGE = YES_ERROR;
				CLANG_WARN_DOCUMENTATION_COMMENTS = YES;
				CLANG_WARN_EMPTY_BODY = YES;
				CLANG_WARN_ENUM_CONVERSION = YES;
				CLANG_WARN_INFINITE_RECURSION = YES;
				CLANG_WARN_INT_CONVERSION = YES;
				CLANG_WARN_NON_LITERAL_NULL_CONVERSION = YES;
				CLANG_WARN_OBJC_IMPLICIT_RETAIN_SELF = YES;
				CLANG_WARN_OBJC_LITERAL_CONVERSION = YES;
				CLANG_WARN_OBJC_ROOT_CLASS = YES_ERROR;
				CLANG_WARN_QUOTED_INCLUDE_IN_FRAMEWORK_HEADER = YES;
				CLANG_WARN_RANGE_LOOP_ANALYSIS = YES;
				CLANG_WARN_STRICT_PROTOTYPES = YES;
				CLANG_WARN_SUSPICIOUS_MOVE = YES;
				CLANG_WARN_UNGUARDED_AVAILABILITY = YES_AGGRESSIVE;
				CLANG_WARN_UNREACHABLE_CODE = YES;
				CLANG_WARN__DUPLICATE_METHOD_MATCH = YES;
				COPY_PHASE_STRIP = NO;
				DEBUG_INFORMATION_FORMAT = "dwarf-with-dsym";
				ENABLE_NS_ASSERTIONS = NO;
				ENABLE_STRICT_OBJC_MSGSEND = YES;
				GCC_C_LANGUAGE_STANDARD = gnu11;
				GCC_NO_COMMON_BLOCKS = YES;
				GCC_WARN_64_TO_32_BIT_CONVERSION = YES;
				GCC_WARN_ABOUT_RETURN_TYPE = YES_ERROR;
				GCC_WARN_UNDECLARED_SELECTOR = YES;
				GCC_WARN_UNINITIALIZED_AUTOS = YES_AGGRESSIVE;
				GCC_WARN_UNUSED_FUNCTION = YES;
				GCC_WARN_UNUSED_VARIABLE = YES;
				IPHONEOS_DEPLOYMENT_TARGET = 15.0;
				MTL_ENABLE_DEBUG_INFO = NO;
				MTL_FAST_MATH = YES;
				SDKROOT = iphoneos;
				SWIFT_COMPILATION_MODE = wholemodule;
				SWIFT_OPTIMIZATION_LEVEL = "-O";
				VALIDATE_PRODUCT = YES;
			};
			name = Release;
		};
		37B2ED5627CAB20B00916FD7 /* Debug */ = {
			isa = XCBuildConfiguration;
			buildSettings = {
				ASSETCATALOG_COMPILER_APPICON_NAME = AppIcon;
				ASSETCATALOG_COMPILER_GLOBAL_ACCENT_COLOR_NAME = AccentColor;
				CODE_SIGN_STYLE = Automatic;
				CURRENT_PROJECT_VERSION = 1;
				GENERATE_INFOPLIST_FILE = YES;
				INFOPLIST_FILE = Flashcards/Info.plist;
				INFOPLIST_KEY_UIApplicationSupportsIndirectInputEvents = YES;
				INFOPLIST_KEY_UILaunchStoryboardName = LaunchScreen;
				INFOPLIST_KEY_UIMainStoryboardFile = Main;
				INFOPLIST_KEY_UISupportedInterfaceOrientations_iPad = "UIInterfaceOrientationPortrait UIInterfaceOrientationPortraitUpsideDown UIInterfaceOrientationLandscapeLeft UIInterfaceOrientationLandscapeRight";
				INFOPLIST_KEY_UISupportedInterfaceOrientations_iPhone = "UIInterfaceOrientationPortrait UIInterfaceOrientationLandscapeLeft UIInterfaceOrientationLandscapeRight";
				LD_RUNPATH_SEARCH_PATHS = (
					"$(inherited)",
					"@executable_path/Frameworks",
				);
				MARKETING_VERSION = 1.0;
				PRODUCT_BUNDLE_IDENTIFIER = com.JustinZaluk.Flashcards;
				PRODUCT_NAME = "$(TARGET_NAME)";
				SWIFT_EMIT_LOC_STRINGS = YES;
				SWIFT_VERSION = 5.0;
				TARGETED_DEVICE_FAMILY = "1,2";
			};
			name = Debug;
		};
		37B2ED5727CAB20B00916FD7 /* Release */ = {
			isa = XCBuildConfiguration;
			buildSettings = {
				ASSETCATALOG_COMPILER_APPICON_NAME = AppIcon;
				ASSETCATALOG_COMPILER_GLOBAL_ACCENT_COLOR_NAME = AccentColor;
				CODE_SIGN_STYLE = Automatic;
				CURRENT_PROJECT_VERSION = 1;
				GENERATE_INFOPLIST_FILE = YES;
				INFOPLIST_FILE = Flashcards/Info.plist;
				INFOPLIST_KEY_UIApplicationSupportsIndirectInputEvents = YES;
				INFOPLIST_KEY_UILaunchStoryboardName = LaunchScreen;
				INFOPLIST_KEY_UIMainStoryboardFile = Main;
				INFOPLIST_KEY_UISupportedInterfaceOrientations_iPad = "UIInterfaceOrientationPortrait UIInterfaceOrientationPortraitUpsideDown UIInterfaceOrientationLandscapeLeft UIInterfaceOrientationLandscapeRight";
				INFOPLIST_KEY_UISupportedInterfaceOrientations_iPhone = "UIInterfaceOrientationPortrait UIInterfaceOrientationLandscapeLeft UIInterfaceOrientationLandscapeRight";
				LD_RUNPATH_SEARCH_PATHS = (
					"$(inherited)",
					"@executable_path/Frameworks",
				);
				MARKETING_VERSION = 1.0;
				PRODUCT_BUNDLE_IDENTIFIER = com.JustinZaluk.Flashcards;
				PRODUCT_NAME = "$(TARGET_NAME)";
				SWIFT_EMIT_LOC_STRINGS = YES;
				SWIFT_VERSION = 5.0;
				TARGETED_DEVICE_FAMILY = "1,2";
			};
			name = Release;
		};
		37B2ED5927CAB20B00916FD7 /* Debug */ = {
			isa = XCBuildConfiguration;
			buildSettings = {
				ALWAYS_EMBED_SWIFT_STANDARD_LIBRARIES = YES;
				BUNDLE_LOADER = "$(TEST_HOST)";
				CODE_SIGN_STYLE = Automatic;
				CURRENT_PROJECT_VERSION = 1;
				GENERATE_INFOPLIST_FILE = YES;
				IPHONEOS_DEPLOYMENT_TARGET = 15.0;
				LD_RUNPATH_SEARCH_PATHS = (
					"$(inherited)",
					"@executable_path/Frameworks",
					"@loader_path/Frameworks",
				);
				MARKETING_VERSION = 1.0;
				PRODUCT_BUNDLE_IDENTIFIER = com.JustinZaluk.FlashcardsTests;
				PRODUCT_NAME = "$(TARGET_NAME)";
				SWIFT_EMIT_LOC_STRINGS = NO;
				SWIFT_VERSION = 5.0;
				TARGETED_DEVICE_FAMILY = "1,2";
				TEST_HOST = "$(BUILT_PRODUCTS_DIR)/Flashcards.app/Flashcards";
			};
			name = Debug;
		};
		37B2ED5A27CAB20B00916FD7 /* Release */ = {
			isa = XCBuildConfiguration;
			buildSettings = {
				ALWAYS_EMBED_SWIFT_STANDARD_LIBRARIES = YES;
				BUNDLE_LOADER = "$(TEST_HOST)";
				CODE_SIGN_STYLE = Automatic;
				CURRENT_PROJECT_VERSION = 1;
				GENERATE_INFOPLIST_FILE = YES;
				IPHONEOS_DEPLOYMENT_TARGET = 15.0;
				LD_RUNPATH_SEARCH_PATHS = (
					"$(inherited)",
					"@executable_path/Frameworks",
					"@loader_path/Frameworks",
				);
				MARKETING_VERSION = 1.0;
				PRODUCT_BUNDLE_IDENTIFIER = com.JustinZaluk.FlashcardsTests;
				PRODUCT_NAME = "$(TARGET_NAME)";
				SWIFT_EMIT_LOC_STRINGS = NO;
				SWIFT_VERSION = 5.0;
				TARGETED_DEVICE_FAMILY = "1,2";
				TEST_HOST = "$(BUILT_PRODUCTS_DIR)/Flashcards.app/Flashcards";
			};
			name = Release;
		};
		37B2ED5C27CAB20B00916FD7 /* Debug */ = {
			isa = XCBuildConfiguration;
			buildSettings = {
				ALWAYS_EMBED_SWIFT_STANDARD_LIBRARIES = YES;
				CODE_SIGN_STYLE = Automatic;
				CURRENT_PROJECT_VERSION = 1;
				GENERATE_INFOPLIST_FILE = YES;
				LD_RUNPATH_SEARCH_PATHS = (
					"$(inherited)",
					"@executable_path/Frameworks",
					"@loader_path/Frameworks",
				);
				MARKETING_VERSION = 1.0;
				PRODUCT_BUNDLE_IDENTIFIER = com.JustinZaluk.FlashcardsUITests;
				PRODUCT_NAME = "$(TARGET_NAME)";
				SWIFT_EMIT_LOC_STRINGS = NO;
				SWIFT_VERSION = 5.0;
				TARGETED_DEVICE_FAMILY = "1,2";
				TEST_TARGET_NAME = Flashcards;
			};
			name = Debug;
		};
		37B2ED5D27CAB20B00916FD7 /* Release */ = {
			isa = XCBuildConfiguration;
			buildSettings = {
				ALWAYS_EMBED_SWIFT_STANDARD_LIBRARIES = YES;
				CODE_SIGN_STYLE = Automatic;
				CURRENT_PROJECT_VERSION = 1;
				GENERATE_INFOPLIST_FILE = YES;
				LD_RUNPATH_SEARCH_PATHS = (
					"$(inherited)",
					"@executable_path/Frameworks",
					"@loader_path/Frameworks",
				);
				MARKETING_VERSION = 1.0;
				PRODUCT_BUNDLE_IDENTIFIER = com.JustinZaluk.FlashcardsUITests;
				PRODUCT_NAME = "$(TARGET_NAME)";
				SWIFT_EMIT_LOC_STRINGS = NO;
				SWIFT_VERSION = 5.0;
				TARGETED_DEVICE_FAMILY = "1,2";
				TEST_TARGET_NAME = Flashcards;
			};
			name = Release;
		};
/* End XCBuildConfiguration section */

/* Begin XCConfigurationList section */
		37B2ED2627CAB20900916FD7 /* Build configuration list for PBXProject "Flashcards" */ = {
			isa = XCConfigurationList;
			buildConfigurations = (
				37B2ED5327CAB20B00916FD7 /* Debug */,
				37B2ED5427CAB20B00916FD7 /* Release */,
			);
			defaultConfigurationIsVisible = 0;
			defaultConfigurationName = Release;
		};
		37B2ED5527CAB20B00916FD7 /* Build configuration list for PBXNativeTarget "Flashcards" */ = {
			isa = XCConfigurationList;
			buildConfigurations = (
				37B2ED5627CAB20B00916FD7 /* Debug */,
				37B2ED5727CAB20B00916FD7 /* Release */,
			);
			defaultConfigurationIsVisible = 0;
			defaultConfigurationName = Release;
		};
		37B2ED5827CAB20B00916FD7 /* Build configuration list for PBXNativeTarget "FlashcardsTests" */ = {
			isa = XCConfigurationList;
			buildConfigurations = (
				37B2ED5927CAB20B00916FD7 /* Debug */,
				37B2ED5A27CAB20B00916FD7 /* Release */,
			);
			defaultConfigurationIsVisible = 0;
			defaultConfigurationName = Release;
		};
		37B2ED5B27CAB20B00916FD7 /* Build configuration list for PBXNativeTarget "FlashcardsUITests" */ = {
			isa = XCConfigurationList;
			buildConfigurations = (
				37B2ED5C27CAB20B00916FD7 /* Debug */,
				37B2ED5D27CAB20B00916FD7 /* Release */,
			);
			defaultConfigurationIsVisible = 0;
			defaultConfigurationName = Release;
		};
/* End XCConfigurationList section */
	};
	rootObject = 37B2ED2327CAB20900916FD7 /* Project object */;
}
